
Microsoft Visual Studio Solution File, Format Version 12.00
# Visual Studio Version 16
VisualStudioVersion = 16.0.809.8
MinimumVisualStudioVersion = 10.0.40219.1
Project("{FAE04EC0-301F-11D3-BF4B-00C04F79EFBC}") = "TodoApi", "TodoApi.csproj", "{8E12063C-8181-4A54-8C9A-9ED8F54AA142}"
EndProject
Global
	GlobalSection(SolutionConfigurationPlatforms) = preSolution
		Debug|Any CPU = Debug|Any CPU
		Release|Any CPU = Release|Any CPU
	EndGlobalSection
	GlobalSection(ProjectConfigurationPlatforms) = postSolution
		{8E12063C-8181-4A54-8C9A-9ED8F54AA142}.Debug|Any CPU.ActiveCfg = Debug|Any CPU
		{8E12063C-8181-4A54-8C9A-9ED8F54AA142}.Debug|Any CPU.Build.0 = Debug|Any CPU
		{8E12063C-8181-4A54-8C9A-9ED8F54AA142}.Release|Any CPU.ActiveCfg = Release|Any CPU
		{8E12063C-8181-4A54-8C9A-9ED8F54AA142}.Release|Any CPU.Build.0 = Release|Any CPU
	EndGlobalSection
	GlobalSection(SolutionProperties) = preSolution
		HideSolutionNode = FALSE
	EndGlobalSection
	GlobalSection(ExtensibilityGlobals) = postSolution
		SolutionGuid = {97471E08-89EA-40EC-AC32-227B5870C97E}
	EndGlobalSection
EndGlobal
